
Microsoft Visual Studio Solution File, Format Version 12.00
# Visual Studio Version 17
VisualStudioVersion = 17.7.34024.191
MinimumVisualStudioVersion = 10.0.40219.1
Project("{FAE04EC0-301F-11D3-BF4B-00C04F79EFBC}") = "ProgramaSerie", "ProgramaSerie\ProgramaSerie.csproj", "{2C995B9A-4318-439B-918F-DD1A50BAD1F4}"
EndProject
Project("{FAE04EC0-301F-11D3-BF4B-00C04F79EFBC}") = "dominio", "dominio\dominio.csproj", "{3771DC95-FFBE-49EB-A5FF-97F2AA34495F}"
EndProject
Project("{FAE04EC0-301F-11D3-BF4B-00C04F79EFBC}") = "Service", "Service\Service.csproj", "{6ECABFD5-D1D7-4928-8C68-14BBEEA32EF1}"
EndProject
Global
	GlobalSection(SolutionConfigurationPlatforms) = preSolution
		Debug|Any CPU = Debug|Any CPU
		Release|Any CPU = Release|Any CPU
	EndGlobalSection
	GlobalSection(ProjectConfigurationPlatforms) = postSolution
		{2C995B9A-4318-439B-918F-DD1A50BAD1F4}.Debug|Any CPU.ActiveCfg = Debug|Any CPU
		{2C995B9A-4318-439B-918F-DD1A50BAD1F4}.Debug|Any CPU.Build.0 = Debug|Any CPU
		{2C995B9A-4318-439B-918F-DD1A50BAD1F4}.Release|Any CPU.ActiveCfg = Release|Any CPU
		{2C995B9A-4318-439B-918F-DD1A50BAD1F4}.Release|Any CPU.Build.0 = Release|Any CPU
		{3771DC95-FFBE-49EB-A5FF-97F2AA34495F}.Debug|Any CPU.ActiveCfg = Debug|Any CPU
		{3771DC95-FFBE-49EB-A5FF-97F2AA34495F}.Debug|Any CPU.Build.0 = Debug|Any CPU
		{3771DC95-FFBE-49EB-A5FF-97F2AA34495F}.Release|Any CPU.ActiveCfg = Release|Any CPU
		{3771DC95-FFBE-49EB-A5FF-97F2AA34495F}.Release|Any CPU.Build.0 = Release|Any CPU
		{6ECABFD5-D1D7-4928-8C68-14BBEEA32EF1}.Debug|Any CPU.ActiveCfg = Debug|Any CPU
		{6ECABFD5-D1D7-4928-8C68-14BBEEA32EF1}.Debug|Any CPU.Build.0 = Debug|Any CPU
		{6ECABFD5-D1D7-4928-8C68-14BBEEA32EF1}.Release|Any CPU.ActiveCfg = Release|Any CPU
		{6ECABFD5-D1D7-4928-8C68-14BBEEA32EF1}.Release|Any CPU.Build.0 = Release|Any CPU
	EndGlobalSection
	GlobalSection(SolutionProperties) = preSolution
		HideSolutionNode = FALSE
	EndGlobalSection
	GlobalSection(ExtensibilityGlobals) = postSolution
		SolutionGuid = {E65E6740-E725-4D1D-8B5F-BA3F3CBCB738}
	EndGlobalSection
EndGlobal
